
Microsoft Visual Studio Solution File, Format Version 12.00
# Visual Studio 14
VisualStudioVersion = 14.0.23107.0
MinimumVisualStudioVersion = 10.0.40219.1
Project("{FAE04EC0-301F-11D3-BF4B-00C04F79EFBC}") = "Business Layer", "Business Layer\Business Layer.csproj", "{6ADA4FE7-6CC1-4DE7-826E-AB49C13B4569}"
EndProject
Project("{FAE04EC0-301F-11D3-BF4B-00C04F79EFBC}") = "Data Layer", "Data Layer\Data Layer.csproj", "{CAECBDE8-671E-4975-B378-72F60C855237}"
EndProject
Project("{FAE04EC0-301F-11D3-BF4B-00C04F79EFBC}") = "Others", "Others\Others.csproj", "{344967DC-D297-46CF-9719-FA6B5813E8D3}"
EndProject
Project("{FAE04EC0-301F-11D3-BF4B-00C04F79EFBC}") = "janlundholm.eu", "janlundholm.eu\janlundholm.eu.csproj", "{3F8E23DB-7827-484A-BD01-E367DCC71A0A}"
EndProject
Project("{2CFEAB61-6A3B-4EB8-B523-560B4BEEF521}") = "janlundholm.eu.csproj_deploy", "janlundholm.eu.csproj_deploy\janlundholm.eu.csproj_deploy.wdproj", "{C77DCBEC-2F7B-45E0-B200-12904F4F68B9}"
EndProject
Project("{FAE04EC0-301F-11D3-BF4B-00C04F79EFBC}") = "galante.se", "galante.se\galante.se.csproj", "{9BA728B7-B405-446F-BE65-A74988A2CA78}"
EndProject
Project("{FAE04EC0-301F-11D3-BF4B-00C04F79EFBC}") = "galante.se.Tests", "galante.se.Tests\galante.se.Tests.csproj", "{183AB24E-3DE8-4265-9C64-6E6A2F84B237}"
EndProject
Project("{FAE04EC0-301F-11D3-BF4B-00C04F79EFBC}") = "ReadFacades", "ReadFacade\ReadFacades.csproj", "{DF1181C5-8E6C-4BCF-A7D9-FFD6F7E5ADA1}"
EndProject
Global
	GlobalSection(SolutionConfigurationPlatforms) = preSolution
		Debug|Any CPU = Debug|Any CPU
		PreRelease|Any CPU = PreRelease|Any CPU
		Release|Any CPU = Release|Any CPU
	EndGlobalSection
	GlobalSection(ProjectConfigurationPlatforms) = postSolution
		{6ADA4FE7-6CC1-4DE7-826E-AB49C13B4569}.Debug|Any CPU.ActiveCfg = Debug|Any CPU
		{6ADA4FE7-6CC1-4DE7-826E-AB49C13B4569}.Debug|Any CPU.Build.0 = Debug|Any CPU
		{6ADA4FE7-6CC1-4DE7-826E-AB49C13B4569}.PreRelease|Any CPU.ActiveCfg = PreRelease|Any CPU
		{6ADA4FE7-6CC1-4DE7-826E-AB49C13B4569}.PreRelease|Any CPU.Build.0 = PreRelease|Any CPU
		{6ADA4FE7-6CC1-4DE7-826E-AB49C13B4569}.Release|Any CPU.ActiveCfg = Release|Any CPU
		{6ADA4FE7-6CC1-4DE7-826E-AB49C13B4569}.Release|Any CPU.Build.0 = Release|Any CPU
		{CAECBDE8-671E-4975-B378-72F60C855237}.Debug|Any CPU.ActiveCfg = Debug|Any CPU
		{CAECBDE8-671E-4975-B378-72F60C855237}.Debug|Any CPU.Build.0 = Debug|Any CPU
		{CAECBDE8-671E-4975-B378-72F60C855237}.PreRelease|Any CPU.ActiveCfg = PreRelease|Any CPU
		{CAECBDE8-671E-4975-B378-72F60C855237}.PreRelease|Any CPU.Build.0 = PreRelease|Any CPU
		{CAECBDE8-671E-4975-B378-72F60C855237}.Release|Any CPU.ActiveCfg = Release|Any CPU
		{CAECBDE8-671E-4975-B378-72F60C855237}.Release|Any CPU.Build.0 = Release|Any CPU
		{344967DC-D297-46CF-9719-FA6B5813E8D3}.Debug|Any CPU.ActiveCfg = Debug|Any CPU
		{344967DC-D297-46CF-9719-FA6B5813E8D3}.Debug|Any CPU.Build.0 = Debug|Any CPU
		{344967DC-D297-46CF-9719-FA6B5813E8D3}.PreRelease|Any CPU.ActiveCfg = PreRelease|Any CPU
		{344967DC-D297-46CF-9719-FA6B5813E8D3}.PreRelease|Any CPU.Build.0 = PreRelease|Any CPU
		{344967DC-D297-46CF-9719-FA6B5813E8D3}.Release|Any CPU.ActiveCfg = Release|Any CPU
		{344967DC-D297-46CF-9719-FA6B5813E8D3}.Release|Any CPU.Build.0 = Release|Any CPU
		{3F8E23DB-7827-484A-BD01-E367DCC71A0A}.Debug|Any CPU.ActiveCfg = Debug|Any CPU
		{3F8E23DB-7827-484A-BD01-E367DCC71A0A}.Debug|Any CPU.Build.0 = Debug|Any CPU
		{3F8E23DB-7827-484A-BD01-E367DCC71A0A}.PreRelease|Any CPU.ActiveCfg = Release|Any CPU
		{3F8E23DB-7827-484A-BD01-E367DCC71A0A}.PreRelease|Any CPU.Build.0 = Release|Any CPU
		{3F8E23DB-7827-484A-BD01-E367DCC71A0A}.Release|Any CPU.ActiveCfg = Release|Any CPU
		{3F8E23DB-7827-484A-BD01-E367DCC71A0A}.Release|Any CPU.Build.0 = Release|Any CPU
		{C77DCBEC-2F7B-45E0-B200-12904F4F68B9}.Debug|Any CPU.ActiveCfg = Debug|Any CPU
		{C77DCBEC-2F7B-45E0-B200-12904F4F68B9}.PreRelease|Any CPU.ActiveCfg = Release|Any CPU
		{C77DCBEC-2F7B-45E0-B200-12904F4F68B9}.PreRelease|Any CPU.Build.0 = Release|Any CPU
		{C77DCBEC-2F7B-45E0-B200-12904F4F68B9}.Release|Any CPU.ActiveCfg = Release|Any CPU
		{9BA728B7-B405-446F-BE65-A74988A2CA78}.Debug|Any CPU.ActiveCfg = Debug|Any CPU
		{9BA728B7-B405-446F-BE65-A74988A2CA78}.Debug|Any CPU.Build.0 = Debug|Any CPU
		{9BA728B7-B405-446F-BE65-A74988A2CA78}.PreRelease|Any CPU.ActiveCfg = Release|Any CPU
		{9BA728B7-B405-446F-BE65-A74988A2CA78}.PreRelease|Any CPU.Build.0 = Release|Any CPU
		{9BA728B7-B405-446F-BE65-A74988A2CA78}.Release|Any CPU.ActiveCfg = Release|Any CPU
		{9BA728B7-B405-446F-BE65-A74988A2CA78}.Release|Any CPU.Build.0 = Release|Any CPU
		{183AB24E-3DE8-4265-9C64-6E6A2F84B237}.Debug|Any CPU.ActiveCfg = Debug|Any CPU
		{183AB24E-3DE8-4265-9C64-6E6A2F84B237}.Debug|Any CPU.Build.0 = Debug|Any CPU
		{183AB24E-3DE8-4265-9C64-6E6A2F84B237}.PreRelease|Any CPU.ActiveCfg = Release|Any CPU
		{183AB24E-3DE8-4265-9C64-6E6A2F84B237}.PreRelease|Any CPU.Build.0 = Release|Any CPU
		{183AB24E-3DE8-4265-9C64-6E6A2F84B237}.Release|Any CPU.ActiveCfg = Release|Any CPU
		{183AB24E-3DE8-4265-9C64-6E6A2F84B237}.Release|Any CPU.Build.0 = Release|Any CPU
		{DF1181C5-8E6C-4BCF-A7D9-FFD6F7E5ADA1}.Debug|Any CPU.ActiveCfg = Debug|Any CPU
		{DF1181C5-8E6C-4BCF-A7D9-FFD6F7E5ADA1}.Debug|Any CPU.Build.0 = Debug|Any CPU
		{DF1181C5-8E6C-4BCF-A7D9-FFD6F7E5ADA1}.PreRelease|Any CPU.ActiveCfg = Release|Any CPU
		{DF1181C5-8E6C-4BCF-A7D9-FFD6F7E5ADA1}.PreRelease|Any CPU.Build.0 = Release|Any CPU
		{DF1181C5-8E6C-4BCF-A7D9-FFD6F7E5ADA1}.Release|Any CPU.ActiveCfg = Release|Any CPU
		{DF1181C5-8E6C-4BCF-A7D9-FFD6F7E5ADA1}.Release|Any CPU.Build.0 = Release|Any CPU
	EndGlobalSection
	GlobalSection(SolutionProperties) = preSolution
		HideSolutionNode = FALSE
	EndGlobalSection
	GlobalSection(SubversionScc) = preSolution
		Svn-Managed = True
		Manager = AnkhSVN - Subversion Support for Visual Studio
	EndGlobalSection
EndGlobal
