
Microsoft Visual Studio Solution File, Format Version 12.00
# Visual Studio 14
VisualStudioVersion = 14.0.23107.0
MinimumVisualStudioVersion = 10.0.40219.1
Project("{FAE04EC0-301F-11D3-BF4B-00C04F79EFBC}") = "galante.se.Tests", "galante.se.Tests\galante.se.Tests.csproj", "{183AB24E-3DE8-4265-9C64-6E6A2F84B237}"
EndProject
Project("{2150E333-8FDC-42A3-9474-1A3956D46DE8}") = "1. Tests", "1. Tests", "{2BDD784D-2D81-41A4-A92A-2ED0C7502296}"
EndProject
Project("{2150E333-8FDC-42A3-9474-1A3956D46DE8}") = "5. ReadFacades", "5. ReadFacades", "{17831AF0-2A59-4AD0-A91A-84837D2BE09E}"
EndProject
Project("{2150E333-8FDC-42A3-9474-1A3956D46DE8}") = "2. Web", "2. Web", "{9A698093-40E9-4AC3-9EE7-32EAC29A1CC7}"
EndProject
Project("{2150E333-8FDC-42A3-9474-1A3956D46DE8}") = "4. Domain", "4. Domain", "{67B19807-CC5E-48B1-9C2E-1CA622E42A58}"
EndProject
Project("{2150E333-8FDC-42A3-9474-1A3956D46DE8}") = "8. Helpers", "8. Helpers", "{A2D00B4F-153E-416F-9D13-B20BF2F8764D}"
EndProject
Project("{2150E333-8FDC-42A3-9474-1A3956D46DE8}") = "9. Other", "9. Other", "{B31720CD-AB88-4713-8570-4065CFCBC921}"
EndProject
Project("{2150E333-8FDC-42A3-9474-1A3956D46DE8}") = "6. WriteFacades", "6. WriteFacades", "{1C23DC87-C5AF-4540-B884-9646BEB1CDAA}"
EndProject
Project("{2150E333-8FDC-42A3-9474-1A3956D46DE8}") = "3. Api", "3. Api", "{E04E7F04-2854-4C4D-BC3A-CD765275EE83}"
EndProject
Project("{2150E333-8FDC-42A3-9474-1A3956D46DE8}") = "Solution Items", "Solution Items", "{4DBB4E67-8FAB-4B3C-9E55-178DF98DD33E}"
	ProjectSection(SolutionItems) = preProject
		nuget.config = nuget.config
	EndProjectSection
EndProject
Project("{FAE04EC0-301F-11D3-BF4B-00C04F79EFBC}") = "galante.se.Web", "galante.se.Web\galante.se.Web.csproj", "{9BA728B7-B405-446F-BE65-A74988A2CA78}"
EndProject
Project("{FAE04EC0-301F-11D3-BF4B-00C04F79EFBC}") = "galante.se.BusinessLayer", "galante.se.BusinessLayer\galante.se.BusinessLayer.csproj", "{6ADA4FE7-6CC1-4DE7-826E-AB49C13B4569}"
EndProject
Project("{FAE04EC0-301F-11D3-BF4B-00C04F79EFBC}") = "galante.se.ReadFacades", "galante.se.ReadFacades\galante.se.ReadFacades.csproj", "{DF1181C5-8E6C-4BCF-A7D9-FFD6F7E5ADA1}"
EndProject
Project("{FAE04EC0-301F-11D3-BF4B-00C04F79EFBC}") = "galante.se.Others", "galante.se.Others\galante.se.Others.csproj", "{344967DC-D297-46CF-9719-FA6B5813E8D3}"
EndProject
Project("{FAE04EC0-301F-11D3-BF4B-00C04F79EFBC}") = "WriteFacade", "galante.se.WriteFacade\WriteFacade.csproj", "{498F15EE-3A78-475F-AF96-0AE7EE993876}"
EndProject
Project("{FAE04EC0-301F-11D3-BF4B-00C04F79EFBC}") = "galante.se.DataLayer", "galante.se.DataLayer\galante.se.DataLayer.csproj", "{CAECBDE8-671E-4975-B378-72F60C855237}"
EndProject
Global
	GlobalSection(SolutionConfigurationPlatforms) = preSolution
		Debug|Any CPU = Debug|Any CPU
		PreRelease|Any CPU = PreRelease|Any CPU
		Release|Any CPU = Release|Any CPU
	EndGlobalSection
	GlobalSection(ProjectConfigurationPlatforms) = postSolution
		{183AB24E-3DE8-4265-9C64-6E6A2F84B237}.Debug|Any CPU.ActiveCfg = Debug|Any CPU
		{183AB24E-3DE8-4265-9C64-6E6A2F84B237}.Debug|Any CPU.Build.0 = Debug|Any CPU
		{183AB24E-3DE8-4265-9C64-6E6A2F84B237}.PreRelease|Any CPU.ActiveCfg = Release|Any CPU
		{183AB24E-3DE8-4265-9C64-6E6A2F84B237}.PreRelease|Any CPU.Build.0 = Release|Any CPU
		{183AB24E-3DE8-4265-9C64-6E6A2F84B237}.Release|Any CPU.ActiveCfg = Release|Any CPU
		{183AB24E-3DE8-4265-9C64-6E6A2F84B237}.Release|Any CPU.Build.0 = Release|Any CPU
		{9BA728B7-B405-446F-BE65-A74988A2CA78}.Debug|Any CPU.ActiveCfg = Debug|Any CPU
		{9BA728B7-B405-446F-BE65-A74988A2CA78}.Debug|Any CPU.Build.0 = Debug|Any CPU
		{9BA728B7-B405-446F-BE65-A74988A2CA78}.PreRelease|Any CPU.ActiveCfg = Release|Any CPU
		{9BA728B7-B405-446F-BE65-A74988A2CA78}.PreRelease|Any CPU.Build.0 = Release|Any CPU
		{9BA728B7-B405-446F-BE65-A74988A2CA78}.Release|Any CPU.ActiveCfg = Release|Any CPU
		{9BA728B7-B405-446F-BE65-A74988A2CA78}.Release|Any CPU.Build.0 = Release|Any CPU
		{6ADA4FE7-6CC1-4DE7-826E-AB49C13B4569}.Debug|Any CPU.ActiveCfg = Debug|Any CPU
		{6ADA4FE7-6CC1-4DE7-826E-AB49C13B4569}.Debug|Any CPU.Build.0 = Debug|Any CPU
		{6ADA4FE7-6CC1-4DE7-826E-AB49C13B4569}.PreRelease|Any CPU.ActiveCfg = PreRelease|Any CPU
		{6ADA4FE7-6CC1-4DE7-826E-AB49C13B4569}.PreRelease|Any CPU.Build.0 = PreRelease|Any CPU
		{6ADA4FE7-6CC1-4DE7-826E-AB49C13B4569}.Release|Any CPU.ActiveCfg = Release|Any CPU
		{6ADA4FE7-6CC1-4DE7-826E-AB49C13B4569}.Release|Any CPU.Build.0 = Release|Any CPU
		{DF1181C5-8E6C-4BCF-A7D9-FFD6F7E5ADA1}.Debug|Any CPU.ActiveCfg = Debug|Any CPU
		{DF1181C5-8E6C-4BCF-A7D9-FFD6F7E5ADA1}.Debug|Any CPU.Build.0 = Debug|Any CPU
		{DF1181C5-8E6C-4BCF-A7D9-FFD6F7E5ADA1}.PreRelease|Any CPU.ActiveCfg = Release|Any CPU
		{DF1181C5-8E6C-4BCF-A7D9-FFD6F7E5ADA1}.PreRelease|Any CPU.Build.0 = Release|Any CPU
		{DF1181C5-8E6C-4BCF-A7D9-FFD6F7E5ADA1}.Release|Any CPU.ActiveCfg = Release|Any CPU
		{DF1181C5-8E6C-4BCF-A7D9-FFD6F7E5ADA1}.Release|Any CPU.Build.0 = Release|Any CPU
		{344967DC-D297-46CF-9719-FA6B5813E8D3}.Debug|Any CPU.ActiveCfg = Debug|Any CPU
		{344967DC-D297-46CF-9719-FA6B5813E8D3}.Debug|Any CPU.Build.0 = Debug|Any CPU
		{344967DC-D297-46CF-9719-FA6B5813E8D3}.PreRelease|Any CPU.ActiveCfg = PreRelease|Any CPU
		{344967DC-D297-46CF-9719-FA6B5813E8D3}.PreRelease|Any CPU.Build.0 = PreRelease|Any CPU
		{344967DC-D297-46CF-9719-FA6B5813E8D3}.Release|Any CPU.ActiveCfg = Release|Any CPU
		{344967DC-D297-46CF-9719-FA6B5813E8D3}.Release|Any CPU.Build.0 = Release|Any CPU
		{498F15EE-3A78-475F-AF96-0AE7EE993876}.Debug|Any CPU.ActiveCfg = Debug|Any CPU
		{498F15EE-3A78-475F-AF96-0AE7EE993876}.Debug|Any CPU.Build.0 = Debug|Any CPU
		{498F15EE-3A78-475F-AF96-0AE7EE993876}.PreRelease|Any CPU.ActiveCfg = Release|Any CPU
		{498F15EE-3A78-475F-AF96-0AE7EE993876}.PreRelease|Any CPU.Build.0 = Release|Any CPU
		{498F15EE-3A78-475F-AF96-0AE7EE993876}.Release|Any CPU.ActiveCfg = Release|Any CPU
		{498F15EE-3A78-475F-AF96-0AE7EE993876}.Release|Any CPU.Build.0 = Release|Any CPU
		{CAECBDE8-671E-4975-B378-72F60C855237}.Debug|Any CPU.ActiveCfg = Debug|Any CPU
		{CAECBDE8-671E-4975-B378-72F60C855237}.Debug|Any CPU.Build.0 = Debug|Any CPU
		{CAECBDE8-671E-4975-B378-72F60C855237}.PreRelease|Any CPU.ActiveCfg = PreRelease|Any CPU
		{CAECBDE8-671E-4975-B378-72F60C855237}.PreRelease|Any CPU.Build.0 = PreRelease|Any CPU
		{CAECBDE8-671E-4975-B378-72F60C855237}.Release|Any CPU.ActiveCfg = Release|Any CPU
		{CAECBDE8-671E-4975-B378-72F60C855237}.Release|Any CPU.Build.0 = Release|Any CPU
	EndGlobalSection
	GlobalSection(SolutionProperties) = preSolution
		HideSolutionNode = FALSE
	EndGlobalSection
	GlobalSection(NestedProjects) = preSolution
		{183AB24E-3DE8-4265-9C64-6E6A2F84B237} = {2BDD784D-2D81-41A4-A92A-2ED0C7502296}
		{9BA728B7-B405-446F-BE65-A74988A2CA78} = {9A698093-40E9-4AC3-9EE7-32EAC29A1CC7}
		{6ADA4FE7-6CC1-4DE7-826E-AB49C13B4569} = {67B19807-CC5E-48B1-9C2E-1CA622E42A58}
		{DF1181C5-8E6C-4BCF-A7D9-FFD6F7E5ADA1} = {17831AF0-2A59-4AD0-A91A-84837D2BE09E}
		{344967DC-D297-46CF-9719-FA6B5813E8D3} = {B31720CD-AB88-4713-8570-4065CFCBC921}
		{498F15EE-3A78-475F-AF96-0AE7EE993876} = {1C23DC87-C5AF-4540-B884-9646BEB1CDAA}
		{CAECBDE8-671E-4975-B378-72F60C855237} = {17831AF0-2A59-4AD0-A91A-84837D2BE09E}
	EndGlobalSection
	GlobalSection(SubversionScc) = preSolution
		Svn-Managed = True
		Manager = AnkhSVN - Subversion Support for Visual Studio
	EndGlobalSection
EndGlobal
